
Microsoft Visual Studio Solution File, Format Version 12.00
# Visual Studio Version 16
VisualStudioVersion = 16.0.30717.126
MinimumVisualStudioVersion = 10.0.40219.1
Project("{FAE04EC0-301F-11D3-BF4B-00C04F79EFBC}") = "OE.Mobile.Android", "mobile\OE.Mobile.Android\OE.Mobile.Android.csproj", "{CE2082FA-43EF-40F2-A7A0-682A19017D0C}"
EndProject
Project("{FAE04EC0-301F-11D3-BF4B-00C04F79EFBC}") = "OE.Mobile.iOS", "mobile\OE.Mobile.iOS\OE.Mobile.iOS.csproj", "{67394AEB-C0AE-46AC-B1C5-94BB6E6E2D13}"
EndProject
Project("{2150E333-8FDC-42A3-9474-1A3956D46DE8}") = "MobileApp", "MobileApp", "{71ACCCDA-0DA2-4B3E-B036-30FDFBA4B952}"
EndProject
Project("{2150E333-8FDC-42A3-9474-1A3956D46DE8}") = "Apis", "Apis", "{5D8B2E8F-EBE2-4A10-9528-1ECAC2D81A25}"
EndProject
Project("{9A19103F-16F7-4668-BE54-9A1E7A4F7556}") = "OE.Api.Profile", "api\OE.Api.Profile\OE.Api.Profile.csproj", "{8A6A499B-6A80-4A33-8235-550705A74832}"
EndProject
Project("{2150E333-8FDC-42A3-9474-1A3956D46DE8}") = "Shared", "Shared", "{F78F5F31-A322-4268-B274-469561A4EDAD}"
EndProject
Project("{9A19103F-16F7-4668-BE54-9A1E7A4F7556}") = "OE.Models", "shared\OE.Models\OE.Models.csproj", "{DAE3B0B2-578E-47B1-85A0-B6A6E49E68FE}"
EndProject
Project("{9A19103F-16F7-4668-BE54-9A1E7A4F7556}") = "OE.Mobile", "mobile\OE.Mobile\OE.Mobile.csproj", "{BE245D6D-8003-426E-BAAB-AFAE4490CB2B}"
EndProject
Global
	GlobalSection(SolutionConfigurationPlatforms) = preSolution
		Debug|Any CPU = Debug|Any CPU
		Debug|iPhone = Debug|iPhone
		Debug|iPhoneSimulator = Debug|iPhoneSimulator
		Release|Any CPU = Release|Any CPU
		Release|iPhone = Release|iPhone
		Release|iPhoneSimulator = Release|iPhoneSimulator
	EndGlobalSection
	GlobalSection(ProjectConfigurationPlatforms) = postSolution
		{CE2082FA-43EF-40F2-A7A0-682A19017D0C}.Debug|Any CPU.ActiveCfg = Debug|Any CPU
		{CE2082FA-43EF-40F2-A7A0-682A19017D0C}.Debug|Any CPU.Build.0 = Debug|Any CPU
		{CE2082FA-43EF-40F2-A7A0-682A19017D0C}.Debug|Any CPU.Deploy.0 = Debug|Any CPU
		{CE2082FA-43EF-40F2-A7A0-682A19017D0C}.Debug|iPhone.ActiveCfg = Debug|Any CPU
		{CE2082FA-43EF-40F2-A7A0-682A19017D0C}.Debug|iPhone.Build.0 = Debug|Any CPU
		{CE2082FA-43EF-40F2-A7A0-682A19017D0C}.Debug|iPhone.Deploy.0 = Debug|Any CPU
		{CE2082FA-43EF-40F2-A7A0-682A19017D0C}.Debug|iPhoneSimulator.ActiveCfg = Debug|Any CPU
		{CE2082FA-43EF-40F2-A7A0-682A19017D0C}.Debug|iPhoneSimulator.Build.0 = Debug|Any CPU
		{CE2082FA-43EF-40F2-A7A0-682A19017D0C}.Debug|iPhoneSimulator.Deploy.0 = Debug|Any CPU
		{CE2082FA-43EF-40F2-A7A0-682A19017D0C}.Release|Any CPU.ActiveCfg = Release|Any CPU
		{CE2082FA-43EF-40F2-A7A0-682A19017D0C}.Release|Any CPU.Build.0 = Release|Any CPU
		{CE2082FA-43EF-40F2-A7A0-682A19017D0C}.Release|Any CPU.Deploy.0 = Release|Any CPU
		{CE2082FA-43EF-40F2-A7A0-682A19017D0C}.Release|iPhone.ActiveCfg = Release|Any CPU
		{CE2082FA-43EF-40F2-A7A0-682A19017D0C}.Release|iPhone.Build.0 = Release|Any CPU
		{CE2082FA-43EF-40F2-A7A0-682A19017D0C}.Release|iPhone.Deploy.0 = Release|Any CPU
		{CE2082FA-43EF-40F2-A7A0-682A19017D0C}.Release|iPhoneSimulator.ActiveCfg = Release|Any CPU
		{CE2082FA-43EF-40F2-A7A0-682A19017D0C}.Release|iPhoneSimulator.Build.0 = Release|Any CPU
		{CE2082FA-43EF-40F2-A7A0-682A19017D0C}.Release|iPhoneSimulator.Deploy.0 = Release|Any CPU
		{67394AEB-C0AE-46AC-B1C5-94BB6E6E2D13}.Debug|Any CPU.ActiveCfg = Debug|iPhone
		{67394AEB-C0AE-46AC-B1C5-94BB6E6E2D13}.Debug|Any CPU.Build.0 = Debug|iPhone
		{67394AEB-C0AE-46AC-B1C5-94BB6E6E2D13}.Debug|Any CPU.Deploy.0 = Debug|iPhone
		{67394AEB-C0AE-46AC-B1C5-94BB6E6E2D13}.Debug|iPhone.ActiveCfg = Debug|iPhone
		{67394AEB-C0AE-46AC-B1C5-94BB6E6E2D13}.Debug|iPhone.Build.0 = Debug|iPhone
		{67394AEB-C0AE-46AC-B1C5-94BB6E6E2D13}.Debug|iPhone.Deploy.0 = Debug|iPhone
		{67394AEB-C0AE-46AC-B1C5-94BB6E6E2D13}.Debug|iPhoneSimulator.ActiveCfg = Debug|iPhoneSimulator
		{67394AEB-C0AE-46AC-B1C5-94BB6E6E2D13}.Debug|iPhoneSimulator.Build.0 = Debug|iPhoneSimulator
		{67394AEB-C0AE-46AC-B1C5-94BB6E6E2D13}.Debug|iPhoneSimulator.Deploy.0 = Debug|iPhoneSimulator
		{67394AEB-C0AE-46AC-B1C5-94BB6E6E2D13}.Release|Any CPU.ActiveCfg = Release|iPhoneSimulator
		{67394AEB-C0AE-46AC-B1C5-94BB6E6E2D13}.Release|Any CPU.Build.0 = Release|iPhoneSimulator
		{67394AEB-C0AE-46AC-B1C5-94BB6E6E2D13}.Release|Any CPU.Deploy.0 = Release|iPhoneSimulator
		{67394AEB-C0AE-46AC-B1C5-94BB6E6E2D13}.Release|iPhone.ActiveCfg = Release|iPhone
		{67394AEB-C0AE-46AC-B1C5-94BB6E6E2D13}.Release|iPhone.Build.0 = Release|iPhone
		{67394AEB-C0AE-46AC-B1C5-94BB6E6E2D13}.Release|iPhone.Deploy.0 = Release|iPhone
		{67394AEB-C0AE-46AC-B1C5-94BB6E6E2D13}.Release|iPhoneSimulator.ActiveCfg = Release|iPhoneSimulator
		{67394AEB-C0AE-46AC-B1C5-94BB6E6E2D13}.Release|iPhoneSimulator.Build.0 = Release|iPhoneSimulator
		{67394AEB-C0AE-46AC-B1C5-94BB6E6E2D13}.Release|iPhoneSimulator.Deploy.0 = Release|iPhoneSimulator
		{8A6A499B-6A80-4A33-8235-550705A74832}.Debug|Any CPU.ActiveCfg = Debug|Any CPU
		{8A6A499B-6A80-4A33-8235-550705A74832}.Debug|Any CPU.Build.0 = Debug|Any CPU
		{8A6A499B-6A80-4A33-8235-550705A74832}.Debug|iPhone.ActiveCfg = Debug|Any CPU
		{8A6A499B-6A80-4A33-8235-550705A74832}.Debug|iPhone.Build.0 = Debug|Any CPU
		{8A6A499B-6A80-4A33-8235-550705A74832}.Debug|iPhoneSimulator.ActiveCfg = Debug|Any CPU
		{8A6A499B-6A80-4A33-8235-550705A74832}.Debug|iPhoneSimulator.Build.0 = Debug|Any CPU
		{8A6A499B-6A80-4A33-8235-550705A74832}.Release|Any CPU.ActiveCfg = Release|Any CPU
		{8A6A499B-6A80-4A33-8235-550705A74832}.Release|Any CPU.Build.0 = Release|Any CPU
		{8A6A499B-6A80-4A33-8235-550705A74832}.Release|iPhone.ActiveCfg = Release|Any CPU
		{8A6A499B-6A80-4A33-8235-550705A74832}.Release|iPhone.Build.0 = Release|Any CPU
		{8A6A499B-6A80-4A33-8235-550705A74832}.Release|iPhoneSimulator.ActiveCfg = Release|Any CPU
		{8A6A499B-6A80-4A33-8235-550705A74832}.Release|iPhoneSimulator.Build.0 = Release|Any CPU
		{DAE3B0B2-578E-47B1-85A0-B6A6E49E68FE}.Debug|Any CPU.ActiveCfg = Debug|Any CPU
		{DAE3B0B2-578E-47B1-85A0-B6A6E49E68FE}.Debug|Any CPU.Build.0 = Debug|Any CPU
		{DAE3B0B2-578E-47B1-85A0-B6A6E49E68FE}.Debug|iPhone.ActiveCfg = Debug|Any CPU
		{DAE3B0B2-578E-47B1-85A0-B6A6E49E68FE}.Debug|iPhone.Build.0 = Debug|Any CPU
		{DAE3B0B2-578E-47B1-85A0-B6A6E49E68FE}.Debug|iPhoneSimulator.ActiveCfg = Debug|Any CPU
		{DAE3B0B2-578E-47B1-85A0-B6A6E49E68FE}.Debug|iPhoneSimulator.Build.0 = Debug|Any CPU
		{DAE3B0B2-578E-47B1-85A0-B6A6E49E68FE}.Release|Any CPU.ActiveCfg = Release|Any CPU
		{DAE3B0B2-578E-47B1-85A0-B6A6E49E68FE}.Release|Any CPU.Build.0 = Release|Any CPU
		{DAE3B0B2-578E-47B1-85A0-B6A6E49E68FE}.Release|iPhone.ActiveCfg = Release|Any CPU
		{DAE3B0B2-578E-47B1-85A0-B6A6E49E68FE}.Release|iPhone.Build.0 = Release|Any CPU
		{DAE3B0B2-578E-47B1-85A0-B6A6E49E68FE}.Release|iPhoneSimulator.ActiveCfg = Release|Any CPU
		{DAE3B0B2-578E-47B1-85A0-B6A6E49E68FE}.Release|iPhoneSimulator.Build.0 = Release|Any CPU
		{BE245D6D-8003-426E-BAAB-AFAE4490CB2B}.Debug|Any CPU.ActiveCfg = Debug|Any CPU
		{BE245D6D-8003-426E-BAAB-AFAE4490CB2B}.Debug|Any CPU.Build.0 = Debug|Any CPU
		{BE245D6D-8003-426E-BAAB-AFAE4490CB2B}.Debug|iPhone.ActiveCfg = Debug|Any CPU
		{BE245D6D-8003-426E-BAAB-AFAE4490CB2B}.Debug|iPhone.Build.0 = Debug|Any CPU
		{BE245D6D-8003-426E-BAAB-AFAE4490CB2B}.Debug|iPhoneSimulator.ActiveCfg = Debug|Any CPU
		{BE245D6D-8003-426E-BAAB-AFAE4490CB2B}.Debug|iPhoneSimulator.Build.0 = Debug|Any CPU
		{BE245D6D-8003-426E-BAAB-AFAE4490CB2B}.Release|Any CPU.ActiveCfg = Release|Any CPU
		{BE245D6D-8003-426E-BAAB-AFAE4490CB2B}.Release|Any CPU.Build.0 = Release|Any CPU
		{BE245D6D-8003-426E-BAAB-AFAE4490CB2B}.Release|iPhone.ActiveCfg = Release|Any CPU
		{BE245D6D-8003-426E-BAAB-AFAE4490CB2B}.Release|iPhone.Build.0 = Release|Any CPU
		{BE245D6D-8003-426E-BAAB-AFAE4490CB2B}.Release|iPhoneSimulator.ActiveCfg = Release|Any CPU
		{BE245D6D-8003-426E-BAAB-AFAE4490CB2B}.Release|iPhoneSimulator.Build.0 = Release|Any CPU
	EndGlobalSection
	GlobalSection(SolutionProperties) = preSolution
		HideSolutionNode = FALSE
	EndGlobalSection
	GlobalSection(NestedProjects) = preSolution
		{CE2082FA-43EF-40F2-A7A0-682A19017D0C} = {71ACCCDA-0DA2-4B3E-B036-30FDFBA4B952}
		{67394AEB-C0AE-46AC-B1C5-94BB6E6E2D13} = {71ACCCDA-0DA2-4B3E-B036-30FDFBA4B952}
		{8A6A499B-6A80-4A33-8235-550705A74832} = {5D8B2E8F-EBE2-4A10-9528-1ECAC2D81A25}
		{DAE3B0B2-578E-47B1-85A0-B6A6E49E68FE} = {F78F5F31-A322-4268-B274-469561A4EDAD}
		{BE245D6D-8003-426E-BAAB-AFAE4490CB2B} = {71ACCCDA-0DA2-4B3E-B036-30FDFBA4B952}
	EndGlobalSection
	GlobalSection(ExtensibilityGlobals) = postSolution
		SolutionGuid = {4C21C545-9E1C-4B48-AD7A-6CD8A146C238}
	EndGlobalSection
EndGlobal
