
Microsoft Visual Studio Solution File, Format Version 12.00
# Visual Studio Version 16
VisualStudioVersion = 16.0.30717.126
MinimumVisualStudioVersion = 10.0.40219.1
Project("{9A19103F-16F7-4668-BE54-9A1E7A4F7556}") = "OE.Models.ActivityStreams", "shared\OE.Models.ActivityStreams\OE.Models.ActivityStreams.csproj", "{D0FB50BE-4406-4457-A6DA-5270915871A8}"
EndProject
Project("{9A19103F-16F7-4668-BE54-9A1E7A4F7556}") = "OE.Api.Extensions", "api.shared\OE.Api.Extensions\OE.Api.Extensions.csproj", "{89F862C6-174C-4EC9-A43C-BEC7226122E0}"
EndProject
Project("{9A19103F-16F7-4668-BE54-9A1E7A4F7556}") = "OE.Api.Data", "api.shared\OE.Api.Data\OE.Api.Data.csproj", "{A9D64ECE-8BDF-469A-B65D-0929BF785E4C}"
EndProject
Project("{9A19103F-16F7-4668-BE54-9A1E7A4F7556}") = "OE.Api.Identity.Functions", "api.identity\OE.Api.Identity.Functions\OE.Api.Identity.Functions.csproj", "{AC91D02B-3D08-4C59-9F24-24C1D7EC37FD}"
EndProject
Project("{9A19103F-16F7-4668-BE54-9A1E7A4F7556}") = "OE.Api.Outbox.Functions", "api.outbox\OE.Api.Outbox.Functions\OE.Api.Outbox.Functions.csproj", "{8170562A-AE48-4E5D-9A0B-1E5E6F1FC580}"
EndProject
Project("{9A19103F-16F7-4668-BE54-9A1E7A4F7556}") = "OE.Api.Profile.Functions", "api.profile\OE.Api.Profile.Functions\OE.Api.Profile.Functions.csproj", "{3F04C488-50C0-448A-9C48-7184E2E01C99}"
EndProject
Project("{9A19103F-16F7-4668-BE54-9A1E7A4F7556}") = "OE.Api.MicrosoftGraph", "api.shared\OE.Api.MicrosoftGraph\OE.Api.MicrosoftGraph.csproj", "{CC9EB9A4-24DD-427C-80DB-3AFC097FCF02}"
EndProject
Project("{9A19103F-16F7-4668-BE54-9A1E7A4F7556}") = "OE.DevProxy", "api.shared\OE.DevProxy\OE.DevProxy.csproj", "{0A8587C2-0440-466D-815A-B2FA5C29BB5A}"
EndProject
Project("{9A19103F-16F7-4668-BE54-9A1E7A4F7556}") = "OE.Api.Inbox.Functions", "api.inbox\OE.Api.Inbox.Functions\OE.Api.Inbox.Functions.csproj", "{AF1CFEA1-7C43-4035-8872-AFE5FFF2DDD0}"
EndProject
Project("{9A19103F-16F7-4668-BE54-9A1E7A4F7556}") = "OE.Api.Configuration", "api.shared\OE.Api.Configuration\OE.Api.Configuration.csproj", "{57C52BC1-CFCB-4A5E-9EF4-7F0A5A788537}"
EndProject
Project("{2150E333-8FDC-42A3-9474-1A3956D46DE8}") = "Apis", "Apis", "{5AA0A694-CC7B-4812-9F4B-02E6859DAFC7}"
EndProject
Project("{2150E333-8FDC-42A3-9474-1A3956D46DE8}") = "Shared", "Shared", "{DFEA5C49-7560-4320-B2ED-8A1CC762457E}"
EndProject
Global
	GlobalSection(SolutionConfigurationPlatforms) = preSolution
		Debug|Any CPU = Debug|Any CPU
		Debug|iPhone = Debug|iPhone
		Debug|iPhoneSimulator = Debug|iPhoneSimulator
		Release|Any CPU = Release|Any CPU
		Release|iPhone = Release|iPhone
		Release|iPhoneSimulator = Release|iPhoneSimulator
	EndGlobalSection
	GlobalSection(ProjectConfigurationPlatforms) = postSolution
		{D0FB50BE-4406-4457-A6DA-5270915871A8}.Debug|Any CPU.ActiveCfg = Debug|Any CPU
		{D0FB50BE-4406-4457-A6DA-5270915871A8}.Debug|Any CPU.Build.0 = Debug|Any CPU
		{D0FB50BE-4406-4457-A6DA-5270915871A8}.Debug|iPhone.ActiveCfg = Debug|Any CPU
		{D0FB50BE-4406-4457-A6DA-5270915871A8}.Debug|iPhone.Build.0 = Debug|Any CPU
		{D0FB50BE-4406-4457-A6DA-5270915871A8}.Debug|iPhoneSimulator.ActiveCfg = Debug|Any CPU
		{D0FB50BE-4406-4457-A6DA-5270915871A8}.Debug|iPhoneSimulator.Build.0 = Debug|Any CPU
		{D0FB50BE-4406-4457-A6DA-5270915871A8}.Release|Any CPU.ActiveCfg = Release|Any CPU
		{D0FB50BE-4406-4457-A6DA-5270915871A8}.Release|Any CPU.Build.0 = Release|Any CPU
		{D0FB50BE-4406-4457-A6DA-5270915871A8}.Release|iPhone.ActiveCfg = Release|Any CPU
		{D0FB50BE-4406-4457-A6DA-5270915871A8}.Release|iPhone.Build.0 = Release|Any CPU
		{D0FB50BE-4406-4457-A6DA-5270915871A8}.Release|iPhoneSimulator.ActiveCfg = Release|Any CPU
		{D0FB50BE-4406-4457-A6DA-5270915871A8}.Release|iPhoneSimulator.Build.0 = Release|Any CPU
		{89F862C6-174C-4EC9-A43C-BEC7226122E0}.Debug|Any CPU.ActiveCfg = Debug|Any CPU
		{89F862C6-174C-4EC9-A43C-BEC7226122E0}.Debug|Any CPU.Build.0 = Debug|Any CPU
		{89F862C6-174C-4EC9-A43C-BEC7226122E0}.Debug|iPhone.ActiveCfg = Debug|Any CPU
		{89F862C6-174C-4EC9-A43C-BEC7226122E0}.Debug|iPhone.Build.0 = Debug|Any CPU
		{89F862C6-174C-4EC9-A43C-BEC7226122E0}.Debug|iPhoneSimulator.ActiveCfg = Debug|Any CPU
		{89F862C6-174C-4EC9-A43C-BEC7226122E0}.Debug|iPhoneSimulator.Build.0 = Debug|Any CPU
		{89F862C6-174C-4EC9-A43C-BEC7226122E0}.Release|Any CPU.ActiveCfg = Release|Any CPU
		{89F862C6-174C-4EC9-A43C-BEC7226122E0}.Release|Any CPU.Build.0 = Release|Any CPU
		{89F862C6-174C-4EC9-A43C-BEC7226122E0}.Release|iPhone.ActiveCfg = Release|Any CPU
		{89F862C6-174C-4EC9-A43C-BEC7226122E0}.Release|iPhone.Build.0 = Release|Any CPU
		{89F862C6-174C-4EC9-A43C-BEC7226122E0}.Release|iPhoneSimulator.ActiveCfg = Release|Any CPU
		{89F862C6-174C-4EC9-A43C-BEC7226122E0}.Release|iPhoneSimulator.Build.0 = Release|Any CPU
		{A9D64ECE-8BDF-469A-B65D-0929BF785E4C}.Debug|Any CPU.ActiveCfg = Debug|Any CPU
		{A9D64ECE-8BDF-469A-B65D-0929BF785E4C}.Debug|Any CPU.Build.0 = Debug|Any CPU
		{A9D64ECE-8BDF-469A-B65D-0929BF785E4C}.Debug|iPhone.ActiveCfg = Debug|Any CPU
		{A9D64ECE-8BDF-469A-B65D-0929BF785E4C}.Debug|iPhone.Build.0 = Debug|Any CPU
		{A9D64ECE-8BDF-469A-B65D-0929BF785E4C}.Debug|iPhoneSimulator.ActiveCfg = Debug|Any CPU
		{A9D64ECE-8BDF-469A-B65D-0929BF785E4C}.Debug|iPhoneSimulator.Build.0 = Debug|Any CPU
		{A9D64ECE-8BDF-469A-B65D-0929BF785E4C}.Release|Any CPU.ActiveCfg = Release|Any CPU
		{A9D64ECE-8BDF-469A-B65D-0929BF785E4C}.Release|Any CPU.Build.0 = Release|Any CPU
		{A9D64ECE-8BDF-469A-B65D-0929BF785E4C}.Release|iPhone.ActiveCfg = Release|Any CPU
		{A9D64ECE-8BDF-469A-B65D-0929BF785E4C}.Release|iPhone.Build.0 = Release|Any CPU
		{A9D64ECE-8BDF-469A-B65D-0929BF785E4C}.Release|iPhoneSimulator.ActiveCfg = Release|Any CPU
		{A9D64ECE-8BDF-469A-B65D-0929BF785E4C}.Release|iPhoneSimulator.Build.0 = Release|Any CPU
		{AC91D02B-3D08-4C59-9F24-24C1D7EC37FD}.Debug|Any CPU.ActiveCfg = Debug|Any CPU
		{AC91D02B-3D08-4C59-9F24-24C1D7EC37FD}.Debug|Any CPU.Build.0 = Debug|Any CPU
		{AC91D02B-3D08-4C59-9F24-24C1D7EC37FD}.Debug|iPhone.ActiveCfg = Debug|Any CPU
		{AC91D02B-3D08-4C59-9F24-24C1D7EC37FD}.Debug|iPhone.Build.0 = Debug|Any CPU
		{AC91D02B-3D08-4C59-9F24-24C1D7EC37FD}.Debug|iPhoneSimulator.ActiveCfg = Debug|Any CPU
		{AC91D02B-3D08-4C59-9F24-24C1D7EC37FD}.Debug|iPhoneSimulator.Build.0 = Debug|Any CPU
		{AC91D02B-3D08-4C59-9F24-24C1D7EC37FD}.Release|Any CPU.ActiveCfg = Release|Any CPU
		{AC91D02B-3D08-4C59-9F24-24C1D7EC37FD}.Release|Any CPU.Build.0 = Release|Any CPU
		{AC91D02B-3D08-4C59-9F24-24C1D7EC37FD}.Release|iPhone.ActiveCfg = Release|Any CPU
		{AC91D02B-3D08-4C59-9F24-24C1D7EC37FD}.Release|iPhone.Build.0 = Release|Any CPU
		{AC91D02B-3D08-4C59-9F24-24C1D7EC37FD}.Release|iPhoneSimulator.ActiveCfg = Release|Any CPU
		{AC91D02B-3D08-4C59-9F24-24C1D7EC37FD}.Release|iPhoneSimulator.Build.0 = Release|Any CPU
		{8170562A-AE48-4E5D-9A0B-1E5E6F1FC580}.Debug|Any CPU.ActiveCfg = Debug|Any CPU
		{8170562A-AE48-4E5D-9A0B-1E5E6F1FC580}.Debug|Any CPU.Build.0 = Debug|Any CPU
		{8170562A-AE48-4E5D-9A0B-1E5E6F1FC580}.Debug|iPhone.ActiveCfg = Debug|Any CPU
		{8170562A-AE48-4E5D-9A0B-1E5E6F1FC580}.Debug|iPhone.Build.0 = Debug|Any CPU
		{8170562A-AE48-4E5D-9A0B-1E5E6F1FC580}.Debug|iPhoneSimulator.ActiveCfg = Debug|Any CPU
		{8170562A-AE48-4E5D-9A0B-1E5E6F1FC580}.Debug|iPhoneSimulator.Build.0 = Debug|Any CPU
		{8170562A-AE48-4E5D-9A0B-1E5E6F1FC580}.Release|Any CPU.ActiveCfg = Release|Any CPU
		{8170562A-AE48-4E5D-9A0B-1E5E6F1FC580}.Release|Any CPU.Build.0 = Release|Any CPU
		{8170562A-AE48-4E5D-9A0B-1E5E6F1FC580}.Release|iPhone.ActiveCfg = Release|Any CPU
		{8170562A-AE48-4E5D-9A0B-1E5E6F1FC580}.Release|iPhone.Build.0 = Release|Any CPU
		{8170562A-AE48-4E5D-9A0B-1E5E6F1FC580}.Release|iPhoneSimulator.ActiveCfg = Release|Any CPU
		{8170562A-AE48-4E5D-9A0B-1E5E6F1FC580}.Release|iPhoneSimulator.Build.0 = Release|Any CPU
		{3F04C488-50C0-448A-9C48-7184E2E01C99}.Debug|Any CPU.ActiveCfg = Debug|Any CPU
		{3F04C488-50C0-448A-9C48-7184E2E01C99}.Debug|Any CPU.Build.0 = Debug|Any CPU
		{3F04C488-50C0-448A-9C48-7184E2E01C99}.Debug|iPhone.ActiveCfg = Debug|Any CPU
		{3F04C488-50C0-448A-9C48-7184E2E01C99}.Debug|iPhone.Build.0 = Debug|Any CPU
		{3F04C488-50C0-448A-9C48-7184E2E01C99}.Debug|iPhoneSimulator.ActiveCfg = Debug|Any CPU
		{3F04C488-50C0-448A-9C48-7184E2E01C99}.Debug|iPhoneSimulator.Build.0 = Debug|Any CPU
		{3F04C488-50C0-448A-9C48-7184E2E01C99}.Release|Any CPU.ActiveCfg = Release|Any CPU
		{3F04C488-50C0-448A-9C48-7184E2E01C99}.Release|Any CPU.Build.0 = Release|Any CPU
		{3F04C488-50C0-448A-9C48-7184E2E01C99}.Release|iPhone.ActiveCfg = Release|Any CPU
		{3F04C488-50C0-448A-9C48-7184E2E01C99}.Release|iPhone.Build.0 = Release|Any CPU
		{3F04C488-50C0-448A-9C48-7184E2E01C99}.Release|iPhoneSimulator.ActiveCfg = Release|Any CPU
		{3F04C488-50C0-448A-9C48-7184E2E01C99}.Release|iPhoneSimulator.Build.0 = Release|Any CPU
		{CC9EB9A4-24DD-427C-80DB-3AFC097FCF02}.Debug|Any CPU.ActiveCfg = Debug|Any CPU
		{CC9EB9A4-24DD-427C-80DB-3AFC097FCF02}.Debug|Any CPU.Build.0 = Debug|Any CPU
		{CC9EB9A4-24DD-427C-80DB-3AFC097FCF02}.Debug|iPhone.ActiveCfg = Debug|Any CPU
		{CC9EB9A4-24DD-427C-80DB-3AFC097FCF02}.Debug|iPhone.Build.0 = Debug|Any CPU
		{CC9EB9A4-24DD-427C-80DB-3AFC097FCF02}.Debug|iPhoneSimulator.ActiveCfg = Debug|Any CPU
		{CC9EB9A4-24DD-427C-80DB-3AFC097FCF02}.Debug|iPhoneSimulator.Build.0 = Debug|Any CPU
		{CC9EB9A4-24DD-427C-80DB-3AFC097FCF02}.Release|Any CPU.ActiveCfg = Release|Any CPU
		{CC9EB9A4-24DD-427C-80DB-3AFC097FCF02}.Release|Any CPU.Build.0 = Release|Any CPU
		{CC9EB9A4-24DD-427C-80DB-3AFC097FCF02}.Release|iPhone.ActiveCfg = Release|Any CPU
		{CC9EB9A4-24DD-427C-80DB-3AFC097FCF02}.Release|iPhone.Build.0 = Release|Any CPU
		{CC9EB9A4-24DD-427C-80DB-3AFC097FCF02}.Release|iPhoneSimulator.ActiveCfg = Release|Any CPU
		{CC9EB9A4-24DD-427C-80DB-3AFC097FCF02}.Release|iPhoneSimulator.Build.0 = Release|Any CPU
		{0A8587C2-0440-466D-815A-B2FA5C29BB5A}.Debug|Any CPU.ActiveCfg = Debug|Any CPU
		{0A8587C2-0440-466D-815A-B2FA5C29BB5A}.Debug|Any CPU.Build.0 = Debug|Any CPU
		{0A8587C2-0440-466D-815A-B2FA5C29BB5A}.Debug|iPhone.ActiveCfg = Debug|Any CPU
		{0A8587C2-0440-466D-815A-B2FA5C29BB5A}.Debug|iPhone.Build.0 = Debug|Any CPU
		{0A8587C2-0440-466D-815A-B2FA5C29BB5A}.Debug|iPhoneSimulator.ActiveCfg = Debug|Any CPU
		{0A8587C2-0440-466D-815A-B2FA5C29BB5A}.Debug|iPhoneSimulator.Build.0 = Debug|Any CPU
		{0A8587C2-0440-466D-815A-B2FA5C29BB5A}.Release|Any CPU.ActiveCfg = Release|Any CPU
		{0A8587C2-0440-466D-815A-B2FA5C29BB5A}.Release|Any CPU.Build.0 = Release|Any CPU
		{0A8587C2-0440-466D-815A-B2FA5C29BB5A}.Release|iPhone.ActiveCfg = Release|Any CPU
		{0A8587C2-0440-466D-815A-B2FA5C29BB5A}.Release|iPhone.Build.0 = Release|Any CPU
		{0A8587C2-0440-466D-815A-B2FA5C29BB5A}.Release|iPhoneSimulator.ActiveCfg = Release|Any CPU
		{0A8587C2-0440-466D-815A-B2FA5C29BB5A}.Release|iPhoneSimulator.Build.0 = Release|Any CPU
		{AF1CFEA1-7C43-4035-8872-AFE5FFF2DDD0}.Debug|Any CPU.ActiveCfg = Debug|Any CPU
		{AF1CFEA1-7C43-4035-8872-AFE5FFF2DDD0}.Debug|Any CPU.Build.0 = Debug|Any CPU
		{AF1CFEA1-7C43-4035-8872-AFE5FFF2DDD0}.Debug|iPhone.ActiveCfg = Debug|Any CPU
		{AF1CFEA1-7C43-4035-8872-AFE5FFF2DDD0}.Debug|iPhone.Build.0 = Debug|Any CPU
		{AF1CFEA1-7C43-4035-8872-AFE5FFF2DDD0}.Debug|iPhoneSimulator.ActiveCfg = Debug|Any CPU
		{AF1CFEA1-7C43-4035-8872-AFE5FFF2DDD0}.Debug|iPhoneSimulator.Build.0 = Debug|Any CPU
		{AF1CFEA1-7C43-4035-8872-AFE5FFF2DDD0}.Release|Any CPU.ActiveCfg = Release|Any CPU
		{AF1CFEA1-7C43-4035-8872-AFE5FFF2DDD0}.Release|Any CPU.Build.0 = Release|Any CPU
		{AF1CFEA1-7C43-4035-8872-AFE5FFF2DDD0}.Release|iPhone.ActiveCfg = Release|Any CPU
		{AF1CFEA1-7C43-4035-8872-AFE5FFF2DDD0}.Release|iPhone.Build.0 = Release|Any CPU
		{AF1CFEA1-7C43-4035-8872-AFE5FFF2DDD0}.Release|iPhoneSimulator.ActiveCfg = Release|Any CPU
		{AF1CFEA1-7C43-4035-8872-AFE5FFF2DDD0}.Release|iPhoneSimulator.Build.0 = Release|Any CPU
		{57C52BC1-CFCB-4A5E-9EF4-7F0A5A788537}.Debug|Any CPU.ActiveCfg = Debug|Any CPU
		{57C52BC1-CFCB-4A5E-9EF4-7F0A5A788537}.Debug|Any CPU.Build.0 = Debug|Any CPU
		{57C52BC1-CFCB-4A5E-9EF4-7F0A5A788537}.Debug|iPhone.ActiveCfg = Debug|Any CPU
		{57C52BC1-CFCB-4A5E-9EF4-7F0A5A788537}.Debug|iPhone.Build.0 = Debug|Any CPU
		{57C52BC1-CFCB-4A5E-9EF4-7F0A5A788537}.Debug|iPhoneSimulator.ActiveCfg = Debug|Any CPU
		{57C52BC1-CFCB-4A5E-9EF4-7F0A5A788537}.Debug|iPhoneSimulator.Build.0 = Debug|Any CPU
		{57C52BC1-CFCB-4A5E-9EF4-7F0A5A788537}.Release|Any CPU.ActiveCfg = Release|Any CPU
		{57C52BC1-CFCB-4A5E-9EF4-7F0A5A788537}.Release|Any CPU.Build.0 = Release|Any CPU
		{57C52BC1-CFCB-4A5E-9EF4-7F0A5A788537}.Release|iPhone.ActiveCfg = Release|Any CPU
		{57C52BC1-CFCB-4A5E-9EF4-7F0A5A788537}.Release|iPhone.Build.0 = Release|Any CPU
		{57C52BC1-CFCB-4A5E-9EF4-7F0A5A788537}.Release|iPhoneSimulator.ActiveCfg = Release|Any CPU
		{57C52BC1-CFCB-4A5E-9EF4-7F0A5A788537}.Release|iPhoneSimulator.Build.0 = Release|Any CPU
	EndGlobalSection
	GlobalSection(SolutionProperties) = preSolution
		HideSolutionNode = FALSE
	EndGlobalSection
	GlobalSection(NestedProjects) = preSolution
		{D0FB50BE-4406-4457-A6DA-5270915871A8} = {DFEA5C49-7560-4320-B2ED-8A1CC762457E}
		{89F862C6-174C-4EC9-A43C-BEC7226122E0} = {5AA0A694-CC7B-4812-9F4B-02E6859DAFC7}
		{A9D64ECE-8BDF-469A-B65D-0929BF785E4C} = {5AA0A694-CC7B-4812-9F4B-02E6859DAFC7}
		{AC91D02B-3D08-4C59-9F24-24C1D7EC37FD} = {5AA0A694-CC7B-4812-9F4B-02E6859DAFC7}
		{8170562A-AE48-4E5D-9A0B-1E5E6F1FC580} = {5AA0A694-CC7B-4812-9F4B-02E6859DAFC7}
		{3F04C488-50C0-448A-9C48-7184E2E01C99} = {5AA0A694-CC7B-4812-9F4B-02E6859DAFC7}
		{CC9EB9A4-24DD-427C-80DB-3AFC097FCF02} = {5AA0A694-CC7B-4812-9F4B-02E6859DAFC7}
		{0A8587C2-0440-466D-815A-B2FA5C29BB5A} = {5AA0A694-CC7B-4812-9F4B-02E6859DAFC7}
		{AF1CFEA1-7C43-4035-8872-AFE5FFF2DDD0} = {5AA0A694-CC7B-4812-9F4B-02E6859DAFC7}
		{57C52BC1-CFCB-4A5E-9EF4-7F0A5A788537} = {5AA0A694-CC7B-4812-9F4B-02E6859DAFC7}
	EndGlobalSection
	GlobalSection(ExtensibilityGlobals) = postSolution
		SolutionGuid = {4C21C545-9E1C-4B48-AD7A-6CD8A146C238}
	EndGlobalSection
EndGlobal
